
Microsoft Visual Studio Solution File, Format Version 12.00
# Visual Studio 15
VisualStudioVersion = 15.0.26430.6
MinimumVisualStudioVersion = 10.0.40219.1
Project("{FAE04EC0-301F-11D3-BF4B-00C04F79EFBC}") = "AutoAdapter.Tests", "AutoAdapter.Tests\AutoAdapter.Tests.csproj", "{7BE0F59C-4646-49E6-883E-A6BE61652009}"
EndProject
Project("{FAE04EC0-301F-11D3-BF4B-00C04F79EFBC}") = "AutoAdapter.Tests.AssemblyToProcess", "AutoAdapter.Tests.AssemblyToProcess\AutoAdapter.Tests.AssemblyToProcess.csproj", "{B59680BD-5950-4767-8990-1C712BE62922}"
EndProject
Project("{FAE04EC0-301F-11D3-BF4B-00C04F79EFBC}") = "AutoAdapter.Fody", "AutoAdapter.Fody\AutoAdapter.Fody.csproj", "{46579C0B-A948-4E05-93D6-A4C653076EB5}"
EndProject
Project("{FAE04EC0-301F-11D3-BF4B-00C04F79EFBC}") = "Nuget", "NuGet\Nuget.csproj", "{63786CE5-D899-43DF-AD4E-C2CA3BAC3FC2}"
EndProject
Global
	GlobalSection(SolutionConfigurationPlatforms) = preSolution
		Debug|Any CPU = Debug|Any CPU
		Release|Any CPU = Release|Any CPU
	EndGlobalSection
	GlobalSection(ProjectConfigurationPlatforms) = postSolution
		{7BE0F59C-4646-49E6-883E-A6BE61652009}.Debug|Any CPU.ActiveCfg = Debug|Any CPU
		{7BE0F59C-4646-49E6-883E-A6BE61652009}.Debug|Any CPU.Build.0 = Debug|Any CPU
		{7BE0F59C-4646-49E6-883E-A6BE61652009}.Release|Any CPU.ActiveCfg = Release|Any CPU
		{7BE0F59C-4646-49E6-883E-A6BE61652009}.Release|Any CPU.Build.0 = Release|Any CPU
		{B59680BD-5950-4767-8990-1C712BE62922}.Debug|Any CPU.ActiveCfg = Debug|Any CPU
		{B59680BD-5950-4767-8990-1C712BE62922}.Debug|Any CPU.Build.0 = Debug|Any CPU
		{B59680BD-5950-4767-8990-1C712BE62922}.Release|Any CPU.ActiveCfg = Release|Any CPU
		{B59680BD-5950-4767-8990-1C712BE62922}.Release|Any CPU.Build.0 = Release|Any CPU
		{46579C0B-A948-4E05-93D6-A4C653076EB5}.Debug|Any CPU.ActiveCfg = Debug|Any CPU
		{46579C0B-A948-4E05-93D6-A4C653076EB5}.Debug|Any CPU.Build.0 = Debug|Any CPU
		{46579C0B-A948-4E05-93D6-A4C653076EB5}.Release|Any CPU.ActiveCfg = Release|Any CPU
		{46579C0B-A948-4E05-93D6-A4C653076EB5}.Release|Any CPU.Build.0 = Release|Any CPU
		{63786CE5-D899-43DF-AD4E-C2CA3BAC3FC2}.Debug|Any CPU.ActiveCfg = Debug|Any CPU
		{63786CE5-D899-43DF-AD4E-C2CA3BAC3FC2}.Debug|Any CPU.Build.0 = Debug|Any CPU
		{63786CE5-D899-43DF-AD4E-C2CA3BAC3FC2}.Release|Any CPU.ActiveCfg = Release|Any CPU
		{63786CE5-D899-43DF-AD4E-C2CA3BAC3FC2}.Release|Any CPU.Build.0 = Release|Any CPU
	EndGlobalSection
	GlobalSection(SolutionProperties) = preSolution
		HideSolutionNode = FALSE
	EndGlobalSection
EndGlobal
